<?xml version="1.0" encoding="utf-8"?>
<Project ToolsVersion="4.0" xmlns="http://schemas.microsoft.com/developer/msbuild/2003">
  <ItemGroup>
    <ClCompile Include="main.cpp" />
    <ClCompile Include="Player.cpp" />
    <ClCompile Include="Slime.cpp" />
    <ClCompile Include="DebugPrint.cpp" />
    <ClCompile Include="ObjectBase.cpp" />
    <ClCompile Include="CharaBase.cpp" />
    <ClCompile Include="EnemyBase.cpp" />
    <ClCompile Include="EnemyManager.cpp" />
    <ClCompile Include="Field.cpp" />
    <ClCompile Include="Task.cpp" />
    <ClCompile Include="TaskManager.cpp" />
    <ClCompile Include="Timer.cpp" />
    <ClCompile Include="maruta.cpp">
      <Filter>追加</Filter>
    </ClCompile>
  </ItemGroup>
  <ItemGroup>
    <ClInclude Include="Global.h" />
    <ClInclude Include="Player.h" />
    <ClInclude Include="Slime.h" />
    <ClInclude Include="DebugPrint.h" />
    <ClInclude Include="ObjectBase.h" />
    <ClInclude Include="CharaBase.h" />
    <ClInclude Include="EnemyBase.h" />
    <ClInclude Include="EnemyManager.h" />
    <ClInclude Include="Field.h" />
    <ClInclude Include="Task.h" />
    <ClInclude Include="TaskManager.h" />
    <ClInclude Include="Timer.h" />
    <ClInclude Include="maruta.h">
      <Filter>追加</Filter>
    </ClInclude>
  </ItemGroup>
  <ItemGroup>
    <Filter Include="タイトル">
      <UniqueIdentifier>{9e888a0b-89f3-46a7-ab08-581b385f9e42}</UniqueIdentifier>
    </Filter>
    <Filter Include="追加">
      <UniqueIdentifier>{f9de9163-5096-47b2-93f7-0343659a2d64}</UniqueIdentifier>
    </Filter>
  </ItemGroup>
</Project>